
Microsoft Visual Studio Solution File, Format Version 12.00
# Visual Studio 2012
Project("{8BC9CEB8-8B4A-11D0-8D11-00A0C91BC942}") = "lab2", "lab2\lab2.vcxproj", "{42CB5003-4F76-4F6A-B675-66F1CCB73FA0}"
EndProject
Global
	GlobalSection(SolutionConfigurationPlatforms) = preSolution
		Debug|Win32 = Debug|Win32
		Release|Win32 = Release|Win32
	EndGlobalSection
	GlobalSection(ProjectConfigurationPlatforms) = postSolution
		{42CB5003-4F76-4F6A-B675-66F1CCB73FA0}.Debug|Win32.ActiveCfg = Debug|Win32
		{42CB5003-4F76-4F6A-B675-66F1CCB73FA0}.Debug|Win32.Build.0 = Debug|Win32
		{42CB5003-4F76-4F6A-B675-66F1CCB73FA0}.Release|Win32.ActiveCfg = Release|Win32
		{42CB5003-4F76-4F6A-B675-66F1CCB73FA0}.Release|Win32.Build.0 = Release|Win32
	EndGlobalSection
	GlobalSection(SolutionProperties) = preSolution
		HideSolutionNode = FALSE
	EndGlobalSection
EndGlobal
